{
  "nodes": {
    "nixpkgs": {
      "locked": {
        "lastModified": 1656543950,
        "narHash": "sha256-UnLsjpO2ut7u3/9ApKf+JKQGqFtZNufUiVnUFTm3krI=",
        "owner": "NixOS",
        "repo": "nixpkgs",
        "rev": "e7d4968106775f091c97a7144eff9a955dc9b8ee",
        "type": "github"
      },
      "original": {
        "owner": "NixOS",
        "ref": "nixos-unstable-small",
        "repo": "nixpkgs",
        "type": "github"
      }
    },
    "nulib": {
      "locked": {
        "lastModified": 1656213321,
        "narHash": "sha256-ceRJLg017JzB7XgTWnJVvhLJuenF8jY97mHBVHR63qY=",
        "owner": "MidAutumnMoon",
        "repo": "Nulib",
        "rev": "641e9ce3e38baa8f80d49b1ec4dda221350251e6",
        "type": "github"
      },
      "original": {
        "owner": "MidAutumnMoon",
        "repo": "Nulib",
        "type": "github"
      }
    },
    "root": {
      "inputs": {
        "nixpkgs": "nixpkgs",
        "nulib": "nulib"
      }
    }
  },
  "root": "root",
  "version": 7
}
