{
  "nodes": {
    "Opah": {
      "inputs": {
        "nixpkgs": [
          "nixpkgs"
        ],
        "nulib": [
          "nulib"
        ]
      },
      "locked": {
        "lastModified": 1648731458,
        "narHash": "sha256-ZPVK48QcAu8y1UlIWYpVExzCZtusvL25Zm/cLR3+6G0=",
        "owner": "MidAutumnMoon",
        "repo": "Opah",
        "rev": "98827935509e92b969a3cbd33ccc81f8ce7dfcdc",
        "type": "github"
      },
      "original": {
        "owner": "MidAutumnMoon",
        "repo": "Opah",
        "type": "github"
      }
    },
    "nixpkgs": {
      "locked": {
        "lastModified": 1654103162,
        "narHash": "sha256-28/PxcXPJIkUt5vkM1TwEQV7J7KqiN8lTV4FjEauyQ0=",
        "owner": "NixOS",
        "repo": "nixpkgs",
        "rev": "b6aa2dfb848a6000a5b6f8597e06ada840f55e3b",
        "type": "github"
      },
      "original": {
        "owner": "NixOS",
        "ref": "nixos-unstable-small",
        "repo": "nixpkgs",
        "type": "github"
      }
    },
    "nulib": {
      "locked": {
        "lastModified": 1653793752,
        "narHash": "sha256-ceRJLg017JzB7XgTWnJVvhLJuenF8jY97mHBVHR63qY=",
        "owner": "MidAutumnMoon",
        "repo": "Nulib",
        "rev": "c04473d5603ba2c07915875fd3eeeed4961dd257",
        "type": "github"
      },
      "original": {
        "owner": "MidAutumnMoon",
        "repo": "Nulib",
        "type": "github"
      }
    },
    "root": {
      "inputs": {
        "Opah": "Opah",
        "nixpkgs": "nixpkgs",
        "nulib": "nulib"
      }
    }
  },
  "root": "root",
  "version": 7
}
