{
  "nodes": {
    "Opah": {
      "inputs": {
        "nixpkgs": [
          "nixpkgs"
        ],
        "nulib": [
          "nulib"
        ]
      },
      "locked": {
        "lastModified": 1648731458,
        "narHash": "sha256-ZPVK48QcAu8y1UlIWYpVExzCZtusvL25Zm/cLR3+6G0=",
        "owner": "MidAutumnMoon",
        "repo": "Opah",
        "rev": "98827935509e92b969a3cbd33ccc81f8ce7dfcdc",
        "type": "github"
      },
      "original": {
        "owner": "MidAutumnMoon",
        "repo": "Opah",
        "type": "github"
      }
    },
    "nixpkgs": {
      "locked": {
        "lastModified": 1649270075,
        "narHash": "sha256-m4QzKyk2xtJNKK07MWQK0b0fafj0/4fPlFa4F/YPehw=",
        "owner": "NixOS",
        "repo": "nixpkgs",
        "rev": "a64987375ffc8e9cc093150596c9bee215e4d6f4",
        "type": "github"
      },
      "original": {
        "owner": "NixOS",
        "ref": "nixos-unstable-small",
        "repo": "nixpkgs",
        "type": "github"
      }
    },
    "nulib": {
      "locked": {
        "lastModified": 1649313333,
        "narHash": "sha256-lUeo505f+pJtsUKT5Bnc2yOZzqR7ol1RydBx7bwDwt8=",
        "owner": "MidAutumnMoon",
        "repo": "Nulib",
        "rev": "108bcc9db9f9d78b4cd31826e5cb7eec26fc11d7",
        "type": "github"
      },
      "original": {
        "owner": "MidAutumnMoon",
        "repo": "Nulib",
        "type": "github"
      }
    },
    "root": {
      "inputs": {
        "Opah": "Opah",
        "nixpkgs": "nixpkgs",
        "nulib": "nulib",
        "slightly-older-nixpkgs": "slightly-older-nixpkgs"
      }
    },
    "slightly-older-nixpkgs": {
      "locked": {
        "lastModified": 1649196536,
        "narHash": "sha256-Q5PxIYE/PW57LHLRCdIQ4jNbbz5L3HZKOSkNIu0rn5c=",
        "owner": "NixOS",
        "repo": "nixpkgs",
        "rev": "04ce3788d37dc3f5ab1b156f2a817c8e7630b3b4",
        "type": "github"
      },
      "original": {
        "id": "nixpkgs",
        "rev": "04ce3788d37dc3f5ab1b156f2a817c8e7630b3b4",
        "type": "indirect"
      }
    }
  },
  "root": "root",
  "version": 7
}
